PODS:
  - MagazineLayout (1.2.1)
  - Nimble (7.3.4)
  - Quick (1.3.4)
  - ReactiveCocoa (8.0.2):
    - ReactiveSwift (~> 4.0)
  - ReactiveSwift (4.0.0):
    - Result (~> 4.0)
  - Result (4.1.0)
  - SnapKit (4.2.0)
  - SwiftValidators (8.0.0)
  - SwiftValidatorsReactiveExtensions (8.0.0):
    - ReactiveSwift (~> 4.0)
    - SwiftValidators (~> 8.0)

DEPENDENCIES:
  - MagazineLayout
  - Nimble
  - Quick
  - ReactiveCocoa
  - ReactiveSwift
  - SnapKit
  - SwiftValidatorsReactiveExtensions (from `../`)

SPEC REPOS:
  https://github.com/cocoapods/specs.git:
    - MagazineLayout
    - Nimble
    - Quick
    - ReactiveCocoa
    - ReactiveSwift
    - Result
    - SnapKit
    - SwiftValidators

EXTERNAL SOURCES:
  SwiftValidatorsReactiveExtensions:
    :path: "../"

SPEC CHECKSUMS:
  MagazineLayout: cd9cb2174bcf1c349d8286390c7f9716e4ef40b9
  Nimble: 051e3d8912d40138fa5591c78594f95fb172af37
  Quick: f4f7f063c524394c73ed93ac70983c609805d481
  ReactiveCocoa: fbd26e9ba60e98417ee47433e59465a98ed9da0f
  ReactiveSwift: a2bb9ace428a109e9c0209615645d9d286c8c433
  Result: bd966fac789cc6c1563440b348ab2598cc24d5c7
  SnapKit: fe8a619752f3f27075cc9a90244d75c6c3f27e2a
  SwiftValidators: 282173fae9e2fee864212b0128fcb25a81d53fba
  SwiftValidatorsReactiveExtensions: 7f48aa671428ad859a5f8210734ef7c88fb202bf

PODFILE CHECKSUM: 76b6266c4924079316e15792478a35003301dbdc

COCOAPODS: 1.6.0
